
Microsoft Visual Studio Solution File, Format Version 12.00
# Visual Studio Version 17
VisualStudioVersion = 17.0.31903.59
MinimumVisualStudioVersion = 10.0.40219.1
Project("{FAE04EC0-301F-11D3-BF4B-00C04F79EFBC}") = "Light.DatabaseAccess.EntityFrameworkCore", "Light.DatabaseAccess.EntityFrameworkCore\Light.DatabaseAccess.EntityFrameworkCore.csproj", "{4E8FC224-8B81-4667-A9F2-700102AB230C}"
EndProject
Project("{FAE04EC0-301F-11D3-BF4B-00C04F79EFBC}") = "Light.DatabaseAccess.EntityFrameworkCore.Tests", "Light.DatabaseAccess.EntityFrameworkCore.Tests\Light.DatabaseAccess.EntityFrameworkCore.Tests.csproj", "{95E9333A-7998-4D8E-96EC-F8FD137AFA2F}"
EndProject
Global
	GlobalSection(SolutionConfigurationPlatforms) = preSolution
		Debug|Any CPU = Debug|Any CPU
		Release|Any CPU = Release|Any CPU
	EndGlobalSection
	GlobalSection(SolutionProperties) = preSolution
		HideSolutionNode = FALSE
	EndGlobalSection
	GlobalSection(ProjectConfigurationPlatforms) = postSolution
		{4E8FC224-8B81-4667-A9F2-700102AB230C}.Debug|Any CPU.ActiveCfg = Debug|Any CPU
		{4E8FC224-8B81-4667-A9F2-700102AB230C}.Debug|Any CPU.Build.0 = Debug|Any CPU
		{4E8FC224-8B81-4667-A9F2-700102AB230C}.Release|Any CPU.ActiveCfg = Release|Any CPU
		{4E8FC224-8B81-4667-A9F2-700102AB230C}.Release|Any CPU.Build.0 = Release|Any CPU
		{95E9333A-7998-4D8E-96EC-F8FD137AFA2F}.Debug|Any CPU.ActiveCfg = Debug|Any CPU
		{95E9333A-7998-4D8E-96EC-F8FD137AFA2F}.Debug|Any CPU.Build.0 = Debug|Any CPU
		{95E9333A-7998-4D8E-96EC-F8FD137AFA2F}.Release|Any CPU.ActiveCfg = Release|Any CPU
		{95E9333A-7998-4D8E-96EC-F8FD137AFA2F}.Release|Any CPU.Build.0 = Release|Any CPU
	EndGlobalSection
EndGlobal
